
Microsoft Visual Studio Solution File, Format Version 12.00
# Visual Studio Version 17
VisualStudioVersion = 17.8.34309.116
MinimumVisualStudioVersion = 10.0.40219.1
Project("{FAE04EC0-301F-11D3-BF4B-00C04F79EFBC}") = "finally_dbcore", "finally_dbcore\finally_dbcore.csproj", "{D1F31319-7A62-493F-8736-D28469BEEACF}"
EndProject
Global
	GlobalSection(SolutionConfigurationPlatforms) = preSolution
		Debug|Any CPU = Debug|Any CPU
		Release|Any CPU = Release|Any CPU
	EndGlobalSection
	GlobalSection(ProjectConfigurationPlatforms) = postSolution
		{D1F31319-7A62-493F-8736-D28469BEEACF}.Debug|Any CPU.ActiveCfg = Debug|Any CPU
		{D1F31319-7A62-493F-8736-D28469BEEACF}.Debug|Any CPU.Build.0 = Debug|Any CPU
		{D1F31319-7A62-493F-8736-D28469BEEACF}.Release|Any CPU.ActiveCfg = Release|Any CPU
		{D1F31319-7A62-493F-8736-D28469BEEACF}.Release|Any CPU.Build.0 = Release|Any CPU
	EndGlobalSection
	GlobalSection(SolutionProperties) = preSolution
		HideSolutionNode = FALSE
	EndGlobalSection
	GlobalSection(ExtensibilityGlobals) = postSolution
		SolutionGuid = {251A8EF7-C256-4967-9FBA-2767DA52097E}
	EndGlobalSection
EndGlobal
